
Microsoft Visual Studio Solution File, Format Version 12.00
# Visual Studio Version 17
VisualStudioVersion = 17.12.35527.113
MinimumVisualStudioVersion = 10.0.40219.1
Project("{FAE04EC0-301F-11D3-BF4B-00C04F79EFBC}") = "EShop_selfstudy", "EShop_selfstudy\EShop_selfstudy.csproj", "{CCFB59E3-A401-44FF-A11C-0BF3C377C812}"
EndProject
Project("{2150E333-8FDC-42A3-9474-1A3956D46DE8}") = "data", "data", "{D3D28A62-7C82-4550-8542-DF663FF85F2B}"
	ProjectSection(SolutionItems) = preProject
		data\private.key = data\private.key
		data\public.key = data\public.key
	EndProjectSection
EndProject
Project("{FAE04EC0-301F-11D3-BF4B-00C04F79EFBC}") = "AdditionalTools", "AdditionalTools\AdditionalTools.csproj", "{22846CC6-75E1-4E40-B321-B868D0B86A9D}"
EndProject
Project("{2150E333-8FDC-42A3-9474-1A3956D46DE8}") = "ShoppingCart", "ShoppingCart", "{02EA681E-C7D8-13C7-8484-4AC65E1B71E8}"
EndProject
Project("{2150E333-8FDC-42A3-9474-1A3956D46DE8}") = "User", "User", "{D27E5942-77D2-42ED-AAA1-40A26C70E7CE}"
EndProject
Project("{FAE04EC0-301F-11D3-BF4B-00C04F79EFBC}") = "User.Application", "User\User.Application\User.Application.csproj", "{4CC9ED45-589E-DD71-E43D-6CBF6EF0DB4D}"
EndProject
Project("{FAE04EC0-301F-11D3-BF4B-00C04F79EFBC}") = "User.Domain", "User\User.Domain\User.Domain.csproj", "{6BFABB32-5D29-014D-D7FE-86AB43FDCB29}"
EndProject
Project("{FAE04EC0-301F-11D3-BF4B-00C04F79EFBC}") = "User_EShop", "User\User_EShop\User_EShop.csproj", "{74BE7F07-867B-3AF1-7C60-8D1FE9AEA90E}"
EndProject
Project("{FAE04EC0-301F-11D3-BF4B-00C04F79EFBC}") = "ShoppingCart", "ShoppingCartMain\ShoppingCart\ShoppingCart.csproj", "{5DACA780-9773-BE4B-E9A6-CEE9173ED45F}"
EndProject
Project("{FAE04EC0-301F-11D3-BF4B-00C04F79EFBC}") = "ShoppingCart.Application", "ShoppingCartMain\ShoppingCart.Application\ShoppingCart.Application.csproj", "{49CD4E4E-4E25-1721-3642-CBCBF1DC186A}"
EndProject
Project("{FAE04EC0-301F-11D3-BF4B-00C04F79EFBC}") = "ShoppingCart.Domain", "ShoppingCartMain\ShoppingCart.Domain\ShoppingCart.Domain.csproj", "{941F2C8F-B224-1FFE-40AF-D2C1CC70EEED}"
EndProject
Project("{FAE04EC0-301F-11D3-BF4B-00C04F79EFBC}") = "ShoppingCart.Infrastructure", "ShoppingCartMain\ShoppingCart.Infrastructure\ShoppingCart.Infrastructure.csproj", "{718828AC-578C-31B1-2E8C-AEA2400B2911}"
EndProject
Global
	GlobalSection(SolutionConfigurationPlatforms) = preSolution
		Debug|Any CPU = Debug|Any CPU
		Release|Any CPU = Release|Any CPU
	EndGlobalSection
	GlobalSection(ProjectConfigurationPlatforms) = postSolution
		{CCFB59E3-A401-44FF-A11C-0BF3C377C812}.Debug|Any CPU.ActiveCfg = Debug|Any CPU
		{CCFB59E3-A401-44FF-A11C-0BF3C377C812}.Debug|Any CPU.Build.0 = Debug|Any CPU
		{CCFB59E3-A401-44FF-A11C-0BF3C377C812}.Release|Any CPU.ActiveCfg = Release|Any CPU
		{CCFB59E3-A401-44FF-A11C-0BF3C377C812}.Release|Any CPU.Build.0 = Release|Any CPU
		{22846CC6-75E1-4E40-B321-B868D0B86A9D}.Debug|Any CPU.ActiveCfg = Debug|Any CPU
		{22846CC6-75E1-4E40-B321-B868D0B86A9D}.Debug|Any CPU.Build.0 = Debug|Any CPU
		{22846CC6-75E1-4E40-B321-B868D0B86A9D}.Release|Any CPU.ActiveCfg = Release|Any CPU
		{22846CC6-75E1-4E40-B321-B868D0B86A9D}.Release|Any CPU.Build.0 = Release|Any CPU
		{4CC9ED45-589E-DD71-E43D-6CBF6EF0DB4D}.Debug|Any CPU.ActiveCfg = Debug|Any CPU
		{4CC9ED45-589E-DD71-E43D-6CBF6EF0DB4D}.Debug|Any CPU.Build.0 = Debug|Any CPU
		{4CC9ED45-589E-DD71-E43D-6CBF6EF0DB4D}.Release|Any CPU.ActiveCfg = Release|Any CPU
		{4CC9ED45-589E-DD71-E43D-6CBF6EF0DB4D}.Release|Any CPU.Build.0 = Release|Any CPU
		{6BFABB32-5D29-014D-D7FE-86AB43FDCB29}.Debug|Any CPU.ActiveCfg = Debug|Any CPU
		{6BFABB32-5D29-014D-D7FE-86AB43FDCB29}.Debug|Any CPU.Build.0 = Debug|Any CPU
		{6BFABB32-5D29-014D-D7FE-86AB43FDCB29}.Release|Any CPU.ActiveCfg = Release|Any CPU
		{6BFABB32-5D29-014D-D7FE-86AB43FDCB29}.Release|Any CPU.Build.0 = Release|Any CPU
		{74BE7F07-867B-3AF1-7C60-8D1FE9AEA90E}.Debug|Any CPU.ActiveCfg = Debug|Any CPU
		{74BE7F07-867B-3AF1-7C60-8D1FE9AEA90E}.Debug|Any CPU.Build.0 = Debug|Any CPU
		{74BE7F07-867B-3AF1-7C60-8D1FE9AEA90E}.Release|Any CPU.ActiveCfg = Release|Any CPU
		{74BE7F07-867B-3AF1-7C60-8D1FE9AEA90E}.Release|Any CPU.Build.0 = Release|Any CPU
		{5DACA780-9773-BE4B-E9A6-CEE9173ED45F}.Debug|Any CPU.ActiveCfg = Debug|Any CPU
		{5DACA780-9773-BE4B-E9A6-CEE9173ED45F}.Debug|Any CPU.Build.0 = Debug|Any CPU
		{5DACA780-9773-BE4B-E9A6-CEE9173ED45F}.Release|Any CPU.ActiveCfg = Release|Any CPU
		{5DACA780-9773-BE4B-E9A6-CEE9173ED45F}.Release|Any CPU.Build.0 = Release|Any CPU
		{49CD4E4E-4E25-1721-3642-CBCBF1DC186A}.Debug|Any CPU.ActiveCfg = Debug|Any CPU
		{49CD4E4E-4E25-1721-3642-CBCBF1DC186A}.Debug|Any CPU.Build.0 = Debug|Any CPU
		{49CD4E4E-4E25-1721-3642-CBCBF1DC186A}.Release|Any CPU.ActiveCfg = Release|Any CPU
		{49CD4E4E-4E25-1721-3642-CBCBF1DC186A}.Release|Any CPU.Build.0 = Release|Any CPU
		{941F2C8F-B224-1FFE-40AF-D2C1CC70EEED}.Debug|Any CPU.ActiveCfg = Debug|Any CPU
		{941F2C8F-B224-1FFE-40AF-D2C1CC70EEED}.Debug|Any CPU.Build.0 = Debug|Any CPU
		{941F2C8F-B224-1FFE-40AF-D2C1CC70EEED}.Release|Any CPU.ActiveCfg = Release|Any CPU
		{941F2C8F-B224-1FFE-40AF-D2C1CC70EEED}.Release|Any CPU.Build.0 = Release|Any CPU
		{718828AC-578C-31B1-2E8C-AEA2400B2911}.Debug|Any CPU.ActiveCfg = Debug|Any CPU
		{718828AC-578C-31B1-2E8C-AEA2400B2911}.Debug|Any CPU.Build.0 = Debug|Any CPU
		{718828AC-578C-31B1-2E8C-AEA2400B2911}.Release|Any CPU.ActiveCfg = Release|Any CPU
		{718828AC-578C-31B1-2E8C-AEA2400B2911}.Release|Any CPU.Build.0 = Release|Any CPU
	EndGlobalSection
	GlobalSection(SolutionProperties) = preSolution
		HideSolutionNode = FALSE
	EndGlobalSection
	GlobalSection(NestedProjects) = preSolution
		{4CC9ED45-589E-DD71-E43D-6CBF6EF0DB4D} = {D27E5942-77D2-42ED-AAA1-40A26C70E7CE}
		{6BFABB32-5D29-014D-D7FE-86AB43FDCB29} = {D27E5942-77D2-42ED-AAA1-40A26C70E7CE}
		{74BE7F07-867B-3AF1-7C60-8D1FE9AEA90E} = {D27E5942-77D2-42ED-AAA1-40A26C70E7CE}
		{5DACA780-9773-BE4B-E9A6-CEE9173ED45F} = {02EA681E-C7D8-13C7-8484-4AC65E1B71E8}
		{49CD4E4E-4E25-1721-3642-CBCBF1DC186A} = {02EA681E-C7D8-13C7-8484-4AC65E1B71E8}
		{941F2C8F-B224-1FFE-40AF-D2C1CC70EEED} = {02EA681E-C7D8-13C7-8484-4AC65E1B71E8}
		{718828AC-578C-31B1-2E8C-AEA2400B2911} = {02EA681E-C7D8-13C7-8484-4AC65E1B71E8}
	EndGlobalSection
	GlobalSection(ExtensibilityGlobals) = postSolution
		SolutionGuid = {F766C08E-3DB2-44C0-B5E1-9E15667B95A4}
	EndGlobalSection
EndGlobal
